
Microsoft Visual Studio Solution File, Format Version 12.00
# Visual Studio 14
VisualStudioVersion = 14.0.25123.0
MinimumVisualStudioVersion = 10.0.40219.1
Project("{FAE04EC0-301F-11D3-BF4B-00C04F79EFBC}") = "SSH Panel V1", "SSH Panel V1\SSH Panel V1.csproj", "{D26EAD90-CC05-4945-8F1C-C10A7C964EE6}"
EndProject
Global
	GlobalSection(SolutionConfigurationPlatforms) = preSolution
		Debug|Any CPU = Debug|Any CPU
		Release|Any CPU = Release|Any CPU
	EndGlobalSection
	GlobalSection(ProjectConfigurationPlatforms) = postSolution
		{D26EAD90-CC05-4945-8F1C-C10A7C964EE6}.Debug|Any CPU.ActiveCfg = Debug|Any CPU
		{D26EAD90-CC05-4945-8F1C-C10A7C964EE6}.Debug|Any CPU.Build.0 = Debug|Any CPU
		{D26EAD90-CC05-4945-8F1C-C10A7C964EE6}.Release|Any CPU.ActiveCfg = Release|Any CPU
		{D26EAD90-CC05-4945-8F1C-C10A7C964EE6}.Release|Any CPU.Build.0 = Release|Any CPU
	EndGlobalSection
	GlobalSection(SolutionProperties) = preSolution
		HideSolutionNode = FALSE
	EndGlobalSection
EndGlobal
